version: 1
checksums:
  d3a2279c00f678fef08875297dab6080:
    appearance/cool: 777e63f8478697edfaff84419c8da849
    appearance/dark: 73e6e208ba628b26e90fcf6dce15e1b2
    appearance/flexoki: 93e2a3dde93c9da1b96cd0aa797be0db
    appearance/light: bb78ea2c6edd8662676c81a8a13ecb93
    appearance/neutral: 39e62449e5ad1af5a2630a0a7182dd4d
    appearance/nord: 0786b9b246fe21febcaf5a1f6ba2e38d
    appearance/palette: 512bda0070749c4de78067af5e7eede3
    appearance/system: 803281c327a02a2feba182f4a2b38311
    appearance/theme: 21fe00b7a518089576fb83c08631107a
    appearance/title: cdd8c41c5fb859234e8a603544fce631
    appearance/warm: 5e401de1113107c8af27d0dcc9a277ba
    auth/chooseOrganization: fd2dd3cd31e85956755b12b5cdd956db
    auth/createFirstOrganization: 55ca383b6c313474697e9ae2ef684af0
    auth/createOrganization: bb8aa67ee24dd0418c495cdccbbed2a6
    auth/createOrganizationButton: e79a6de15033cc09a320a6f9c294d696
    auth/emailPlaceholder: 3cbb854500cac63513492e7abbc5cff3
    auth/enterTheCode: 347370437161fea2a2b30d82738f3a8e
    auth/invitation/declined: 787b05d861c23f650e96b5e60b0f854f
    auth/invitation/declinedDescription: fd6880fcb70dd8cf21bc22c554c30274
    auth/invitation/description: 73ab636457755e0697bea36e80a5f7bb
    auth/invitation/goToWorkspaces: 0b226e82da067ecb4716e47d3a673f7d
    auth/invitation/title: 1787731ca1792936cfa1a898e191c3a9
    auth/organizationNameLabel: e69fb0acbe75358352890a6f04e4b9c0
    auth/organizationNamePlaceholder: c44175fe738f5e272783bedb8152a4ce
    auth/rateLimitExceeded: ebd5ef1e5adc8d2cd3bbe15862d12453
    auth/selectOrganization: a88e8fefabe447cba0f1bfcfbe68e745
    auth/signIn: cb8757c7450e17de1e226e82fb0fa4a2
    auth/signInBeforeInvitation: a88035a74111427ef62d3d32d580a1d0
    auth/signInToStella: 47e119499c37f0810241ca8ab5e51f83
    auth/signOut: 06efb815f8e1f5d09e63d262ba48b4e7
    auth/slugLabel: 94c5eeb1add40a57c824bda29d21f6c2
    auth/slugPlaceholder: fb60c034f6403c5183363d143ae51b45
    auth/weSentCodeTo: ef31eda95bd78d07c809da0dc73fdbc5
    billing/addEntry: f5054932b27a1085cd0e46ac33bc0501
    billing/billable: f259a65d91fa79155c7b57c2b0f75707
    billing/codes/active: 3e1ec025c4a50830bbb9ad57a176630a
    billing/codes/activity: 1948763de8e531483a798b68195e297e
    billing/codes/activityCode: d90d5e4a4d670e177bb9178e09504590
    billing/codes/codeLabel: 343bc5386149b97cece2b093c39034b2
    billing/codes/codeLabelField: a5c71bf158481233f8215dbd38cc196b
    billing/codes/createCode: 3975c7bb3cca691deff8de867f923811
    billing/codes/inactive: 239e3b722db75bbafc6c628a2685eed2
    billing/codes/manageCodes: d221088f23ba232a116488a92b651b39
    billing/codes/noCodesYet: 6d7cab4cb45076cd4ddd66ed29288c04
    billing/codes/task: 3f9a91cfb6e28a19e84a786238fc6a66
    billing/codes/taskCode: 05b89fead7bbe4c81edf3249360affd8
    billing/day: 47648cd60fc313bc3f05b70357a1d675
    billing/decimalHours: 610e7d0cd99767a71c58cae5049b9b6f
    billing/duration: bf6ed0974fdd4eb9d8bd3f4f8c4bd5ae
    billing/editEntry: 7f18b3b79b630bb177df102544c47e4a
    billing/expenses/amount: a0ae9c6ff98b57475cdce56f66066aa4
    billing/expenses/categories/courier: 2aae3bd958c470310fb8ed1f5268b446
    billing/expenses/categories/expert_witness: b003a3eedf05e11d343807de2d59cb2b
    billing/expenses/categories/filing_fee: 15c9dc560dd528582ddf7dd15cb169b9
    billing/expenses/categories/other: 79acaa6cd481262bea4e743a422529d2
    billing/expenses/categories/printing: 8615f22ccc865ba3b80bad64044ea225
    billing/expenses/categories/travel: e6cf3bb68973a168e2d27dd27ff5f1fb
    billing/expenses/category: 1b0340cd175aa5a2be745a0d54908466
    billing/expenses/dateIncurred: 6ba2576ae9f98be67a8f0fecb94f78d7
    billing/expenses/descriptionPlaceholder: 52ccaa8217cfc49316ca24bb6b261755
    billing/expenses/invoiceDescription: 10065e90595f008514d02191089c6dc9
    billing/expenses/markup: a25f5517f3ea6dbe99d1cc4e6598663f
    billing/expenses/noExpenses: d8bfc50a413960b5675eb31e4f84a034
    billing/expenses/title: 1746536359bb638c45a12980ab3aac3a
    billing/failedToDelete: e8562fdaa7d3ef9630fec5314f91ce00
    billing/failedToSave: 026f1d9696b6b84d5990b07613ee6215
    billing/failedToStartTimer: 385dad49cace9149698ce87db6642a17
    billing/failedToStopTimer: fb9af887011793cd89fc50b3342ad796
    billing/loading: 82b4ea7ed1439094d7c4be13aaba9a66
    billing/matter: 8a0a14d10babe8cafbeb08a637893939
    billing/matterRequired: 5bcfe99f65b9145afeac6bb927fe20dd
    billing/narrativePlaceholder: 21aec97c8081ab43d765f0a659826f1f
    billing/noEntries: de63f6c0548affa7b788e606925025e8
    billing/nonBillable: 3737061070ad35bc13d80a6bd1b45ef3
    billing/rates/addRate: 0b4a2c1f430595b97491b84d3a987a36
    billing/rates/createRateTable: cf1de34e1d428f768f752fbed0b58282
    billing/rates/currency: d2ba9a9cea418ea653e3ca6785617a3f
    billing/rates/defaultRate: 7e77dec9806cf85a0e409f771df52033
    billing/rates/deleteRateTable: 5636258069a283a0d27facf09abc4ecb
    billing/rates/editRateTable: 215627859b88e6c4e70897149de1f7a7
    billing/rates/effectiveFrom: 2d7c0bb52804c136f299226ea8ab2f02
    billing/rates/effectiveTo: f15d8254437ef4e9b1c22ec7ae79a560
    billing/rates/hourlyRate: 2db86551150ff11ea05934610af5e9ad
    billing/rates/noRateEntries: f37483e280a89d08323aef04f18c0232
    billing/rates/noRateFound: 3c2f21891b4812da0e76275897670b1a
    billing/rates/noRateTables: d53a25946b4c757196901713fa2a9b77
    billing/rates/ongoing: dd99133e8b1c884884bf8713230e468d
    billing/rates/override: 86c6483d00dac920ed9fde2bbc72688c
    billing/rates/perHour: 107ed17814b574eb93efc1da57aaede1
    billing/rates/rateCount: 67bee10b65273850846457dd4e2b39e7
    billing/rates/rateEntries: a3e8a4825cd29e6592c17486fdb56a14
    billing/rates/rateResolved: 444222c8b3304df2204ff8ecc8d44d88
    billing/rates/rateTables: 1c4b8d7a8edcf8ccce93d0b4c9c59852
    billing/rates/rates: f96045cdfe71509dbb61a1db95fbbbc6
    billing/rates/setAsDefault: dcbc0ab506e0ed94bb83f5db42c419aa
    billing/rates/tableName: 9368b5a047572b6051f334af5aa76819
    billing/rates/tableNamePlaceholder: fd5aced057cdc299ed421b1fa42541e5
    billing/running: 010d4795c3d5df31edde92a3441d7017
    billing/selectMatter: 9206410f8d43b2ec65807136d96bae93
    billing/selectMatterToStart: 1c2bfc9767e22fe42b82169e507c9eaa
    billing/startTimer: aea3fdfc54c500b964f6c6499b52f566
    billing/statuses/approved: e5231b13f1fb9008823144a21a81a1b3
    billing/statuses/billed: 8d61820db23fe734f58f06f6f2156de3
    billing/statuses/draft: e8a92958ad300aacfe46c2bf6644927e
    billing/statuses/written_off: 0e75ae9fb36e888494ad1695d42a5a81
    billing/stopTimer: 4c4b4d44708ba05fe8726cbc80122228
    billing/timerActive: 3b4867af5fba9080ba93b98558527ac0
    billing/timesheets: fdad94dd622a7aab2e02d245219cb88d
    billing/today: 142173f9752e18e92109623a3ee68cad
    billing/total: f60dc0a14e9b1bace656c644de25de5b
    billing/week: 436fdd694160827dd6ea4644cdd0a8f8
    clauses/addVariant: b4c1bca0a1ceb35d4fd331aa42a94234
    clauses/allClauses: 80291c34697c38769cfc882e3cbe200d
    clauses/backToList: 208c0f2ac2c480d5f8dfb0963d94b381
    clauses/body: e88eb1ea71f5ef886aa43ea6ba292d87
    clauses/categories: fd4e44f3b1b2bba9ca45f3aef963d042
    clauses/categoryDeleteConfirm: 9e5b2f686cc2d22cc61e1a31b3a9f66e
    clauses/categoryName: cbd957227fae6d91baec164eba889680
    clauses/categoryNamePlaceholder: 870b9870410c05940723f1047acef2bb
    clauses/clauseCreated: 9de0718400fae4bba3f6dfffff82294b
    clauses/clauseDeleted: 676d2830f75890cba32885c839dc08a2
    clauses/clauseDeletedTombstone: 676d2830f75890cba32885c839dc08a2
    clauses/clauseUpdated: 80b54fa8bdfe1674c214c4936b3334cc
    clauses/confirmDeleteClause: d92c4e6602625d6e66098022b60cb7e0
    clauses/createCategory: c81f62cc4e7b8ba7a75f2ec83089a1c4
    clauses/createClause: 7a9055a3f73e69342235906f2a90657f
    clauses/createFailed: f6682ed474fd5bba8bc33b8e1bbb1b4a
    clauses/currentVersion: 27f172f76ac28e72cb062f80002b0ad5
    clauses/deleteCategory: 02e9c5787b7d0d93070dec5e3826b8bf
    clauses/deleteClause: ec68702d4ee394567c4b715de343fe1f
    clauses/deleteFailed: 2d3d5fba1cbe7b492e161d60959fdb89
    clauses/description: e17686a22ffad04cc7bb70524ed4478b
    clauses/descriptionPlaceholder: f1abf6658d9cc28ad59e5f6314b891e8
    clauses/editCategory: 79309e98afbc5e647a4b78159c47bd78
    clauses/editClause: 1b127a4a2052ee84dbb71cc418786530
    clauses/history: b0578d6d225f512e42f823fbca2e3c32
    clauses/language: 277fd1a41cc237a437cd1d5e4a80463b
    clauses/languagePlaceholder: e9e8e97822680eea1a175f683714b75d
    clauses/limitReached: 6c27cb93f4131b0f377cf8b9242bde1b
    clauses/linkClause: 0519f39a1bcf3921cbcfca1efeaf28e2
    clauses/linkFailed: 266a958c8f558dc12c19180ae56b2228
    clauses/linked: 3af16f90aca90a3e2366bd0ce01a7a34
    clauses/linkedClauses: 01d42231d02a0a659d0444b1fbd75ab9
    clauses/loadFailed: 2706fc007aad103f5f045a2440edbdbb
    clauses/loadMore: 365c2d8dfc53ac7e9188acd5274e2837
    clauses/loading: aacb5a0179d7e9b75c67fd4a58697516
    clauses/noClauses: 0f2424ae69c3200f0e311b07d2e5cd26
    clauses/noLinkedClauses: d1142a701b0e5dc1bde88c5bd096fdae
    clauses/noResults: 0f2424ae69c3200f0e311b07d2e5cd26
    clauses/noVariants: fb161cea0247fb5ab3b3748d7968ff95
    clauses/noVersions: 59f88a89f58cecc500e135601e7a8732
    clauses/outdatedVersion: 1285697331e7232ea69104fdd69cd916
    clauses/saveFailed: 62400b733928e0ff6732defff6a5adb3
    clauses/searchClauses: 5032cfcb84dd990bbf9e3c968e7f8847
    clauses/selectCategory: 1b0340cd175aa5a2be745a0d54908466
    clauses/selectVariant: c6f13e35b690d95979b2ef60643b7d46
    clauses/syncFailed: 6bfef0d9d60c9580dcd8b117fd05660e
    clauses/syncVersion: f826181fac0b8043c0df0834e0fdfa3d
    clauses/synced: 8c5a0f395d67ed2f7eadc984b032a5fb
    clauses/title: 462579754cf0f9dab85e687c243a6ed5
    clauses/titleLabel: 344e64395eaff6822a57d18623853e1a
    clauses/titlePlaceholder: 097d4cb016d24c6e8e890472fd4065f1
    clauses/uncategorized: 6db4303a319dd0dc118c7f0878f1b81f
    clauses/unlinkClause: bdf4d29d2a03a9c1d9609401b08a2a37
    clauses/unlinkConfirm: 723edd7bced175ec71b7f9dc2453ac4c
    clauses/unlinkFailed: a501d5f7d357ae86ed19724bd2959c2f
    clauses/unlinked: ed5fb6a2822be075b8ccc7eabe7d39fd
    clauses/updateFailed: a0bf40d4bdf03dd7316e6600de7d01ed
    clauses/variantCreated: 6cdc17a411877f5c8326d5f998999342
    clauses/variantDeleted: 085e8244250751f5d89b9ba79ff35ddf
    clauses/variantLabel: 97b71d640a313bfdcedecbb7ea6d39b4
    clauses/variantLabelPlaceholder: e6d2663224e2ad0e563de90b95af904a
    clauses/variants: ffb488a3097aeb1091e2375f6bcfd29e
    clauses/version: b519bdc0f1dfa0134ef3d0fb98f51cde
    clauses/versionCount: 6571cd2e417fa2f7d7b6fb58378cfb18
    common/accept: f8cc1de4f5e3c850cfdbbc0ec831ade7
    common/actions: c46571856723b03262fd33f511116298
    common/add: 87c4a663507f2bcbbf79934af8164e13
    common/cancel: 2e2a849c2223911717de8caa2c71bade
    common/category: 1b0340cd175aa5a2be745a0d54908466
    common/comingSoon: ee2b0671e00972773210c5be5a9ccb89
    common/convertTo: d172275c31f502b214eb97230dab850d
    common/createdAt: 21d81e727ea38bb7d9c4af320ef5b248
    common/currency: d2ba9a9cea418ea653e3ca6785617a3f
    common/currentPage: d88a3915469d5215fc6ba9659ca9a7bf
    common/date: 56f41c5d30a76295bb087b20b7bee4c3
    common/decline: d9d2b48dc570848e9d803d9216c58b73
    common/delete: 8bcf303dd10a645b5baacb02b47d72c9
    common/deleteConfirmDescription: d72a873f0215ac8cdb18fa262303aa10
    common/description: e17686a22ffad04cc7bb70524ed4478b
    common/download: 56b7d0834952b39ee394b44bd8179178
    common/duplicate: 27756566785c2b8463e21582c4bb619b
    common/duplicated: b49d344694311ff4d6c9835dd6179ae9
    common/edit: eee7f39ff90b18852afc1671f21fbaa9
    common/email: e7f34943a0c2fb849db1839ff6ef5cb5
    common/empty: 0ae6634426bd0372d82f5bcd0441f67e
    common/filter: 626325a05e4c8800f7ede7012b0cadaf
    common/invite: 181884cea804cbde665f160811ee7ad0
    common/kind: 0123e6ec1d5591e6af34906cc4904d58
    common/language: 277fd1a41cc237a437cd1d5e4a80463b
    common/matters: f898530912102eca13389d49c63c05ae
    common/metadata: 695d4f7da261ba76e3be4de495491028
    common/name: 9368b5a047572b6051f334af5aa76819
    common/newRow: 527d5b28ee8f1ea5a81b33ef47f80d12
    common/open: 9a8c3b16091ea6cef3f771fc6715ab67
    common/pin: e67f6931f858d0a348f4145e2649b3cf
    common/print: 96b471223326706b965b5f5c36675935
    common/properties: d9d4b7cdfa9324272f895ed8687f607b
    common/rename: 6f9413e4606e8d83a010685008fb2931
    common/required: 04d7fb6f37ffe0a6ca97d49e2a8b6eb5
    common/role: 53743bbb6ca938f5b893552e839d067f
    common/run: cc02693eda0a4aa0c1ab356a79e8afb8
    common/save: f7a2929f33bc420195e59ac5a8bcd454
    common/saveAsPdf: f64d125bfcaf0d48c8307d85c1cbf308
    common/saveChanges: 53dd9f4f0a4accc822fa5c1f2f6d118a
    common/search: fe877a75eac472fc5b188c135c78a558
    common/selectARole: 511782cfbf0e2709be707ef2d748a985
    common/settings: 8df6777277469c1fd88cc18dde2f1cc3
    common/somethingWentWrong: a3cd2f01c073f1f5ff436d4b132d39cf
    common/sort: 8b928fb3b68d93ccda40bed22261e796
    common/tryAgain: 33dd8820e743e35a66e6977f69e9d3b5
    common/type: f04471a7ddac844b9ad145eb9911ef75
    common/uncategorized: 6db4303a319dd0dc118c7f0878f1b81f
    common/unexpectedError: 7d57bf6af0d97c3b2f5b793c3564384e
    common/unpin: 955a06674c944718bf9f2f242b04bc9f
    common/uploadFiles: 0c517ac5a21439c4a3b8d1f4070ed9fe
    common/user: 61073457a5c3901084b557d065f876be
    common/verify: 6ad4aad279b2411ee9bf24a43e37ae03
    contacts/alsoPartyIn: be520cdbed329b1ac259f5b8db69ff99
    contacts/attorneys/none: 5a943aee27ddc821660afd716cb9a818
    contacts/attorneys/originating: b5ead1716100cd0b10c9e4a2a94244f5
    contacts/attorneys/responsible: e35772d571ac5df21ea9e832db1d9932
    contacts/attorneys/title: f0cdadb240b7ce077bfa0ada2ad4bce4
    contacts/billing/addBankAccount: c5068f2aefc6778127811fdd8fd360db
    contacts/billing/noBillingData: 29a497712a1310b4d509dd53ed541377
    contacts/billing/removeBankAccount: 0ff4e0088d3e3992642dc128ed3bccc5
    contacts/billing/title: f17db18f8d56016e37e89fb0a9689102
    contacts/columns/email: e7f34943a0c2fb849db1839ff6ef5cb5
    contacts/columns/matters: f898530912102eca13389d49c63c05ae
    contacts/columns/name: 9368b5a047572b6051f334af5aa76819
    contacts/columns/phone: b9537ee90fc5b0116942e0af29d926cc
    contacts/columns/tags: 97813c8ae67d69575fd04e35a88aed0c
    contacts/communication/addAddress: a45e7d7d670f5a4ef219fba760873483
    contacts/communication/addEmail: 61711bc63d289212133127e5dd272ec6
    contacts/communication/addPhone: c707ef723953d8824d1135b2a390717f
    contacts/communication/addresses: 87b49e2ffcdbe3cc4bfd2d25cc75c096
    contacts/communication/emails: 230344f713c89383f51389be1e0d3f0d
    contacts/communication/phones: 231638c511b8de3375f7543ac4d83619
    contacts/createOrganization: 8e31cd355e6c7cf6432d7def5dde0655
    contacts/createPerson: 587ccae4c104bd27ca1782432d0143d9
    contacts/deleteContact: d7a41a0fac149ec653e54255cd391245
    contacts/deleteContactConfirmDescription: 921cd11570c4689df2454ac4a85c5aae
    contacts/editContact: 83dfbee49d5a78bd6cdd8c829d3e1545
    contacts/emailTypes/other: 79acaa6cd481262bea4e743a422529d2
    contacts/emailTypes/personal: 1c619008563115c5c99acdab4e8c9717
    contacts/emailTypes/work: 8511de4788623b09e595581433c410bd
    contacts/fields/bankAccountBankName: b1933667dd11ae7204e712823bc477f9
    contacts/fields/bankAccountBic: a2f2cc0fe03c62a35eb5d84b90be6861
    contacts/fields/bankAccountCurrency: d2ba9a9cea418ea653e3ca6785617a3f
    contacts/fields/bankAccountIban: df04eeca0ea0ac8cd4944ff7120963b9
    contacts/fields/bankAccountNumber: 8d4c2946a8c190716e2b28eae591c020
    contacts/fields/bankAccounts: 056b7679281b339b8ea96923a4381526
    contacts/fields/billingAddress: b0f604aa7b39df1f4e6a862248baff6e
    contacts/fields/billingAddressCity: 1831f32e1babbb29af27fac3053504a2
    contacts/fields/billingAddressCountry: 73581fc33a1e83e6a56db73558e7b5c6
    contacts/fields/billingAddressLine1: 83e0225dba13e53ca8e1854c8337214d
    contacts/fields/billingAddressLine2: cf3da2e5cd868fc36fe0fafd2de1cb58
    contacts/fields/billingAddressPostalCode: a3133251f4c5dcb6ea9ad4bcc789607d
    contacts/fields/billingAddressState: 118de561d4525b14f9bb29ac9e86161d
    contacts/fields/color: 9d53d1d120e8b8954bcae9a322573748
    contacts/fields/currency: d2ba9a9cea418ea653e3ca6785617a3f
    contacts/fields/defaultHourlyRate: c3e71b24b51ee95c35c45b7c635228e4
    contacts/fields/displayName: 725f331065e9d594d720d07b1ae51a90
    contacts/fields/firstName: 9a22c348ecef9bbdb8934eb2e6fb873c
    contacts/fields/lastName: b6485b5d256edb09ef2a8cade41120d2
    contacts/fields/middleName: 3318d8e0ba2fe1cc9ae5d1ea59cf5090
    contacts/fields/notes: 93c7ef9bc767f51fbe360afcf6b1fecb
    contacts/fields/organizationName: e69fb0acbe75358352890a6f04e4b9c0
    contacts/fields/originatingAttorney: b5ead1716100cd0b10c9e4a2a94244f5
    contacts/fields/paymentTermDays: 4bdf0ece2e42a93d909ac2050e68d7cd
    contacts/fields/prefix: 7eff8747536f37ebfc3671ca92d71dd7
    contacts/fields/registrationNumber: 5bf7629cbafc37f3ad41a746968c6f3f
    contacts/fields/responsibleAttorney: e35772d571ac5df21ea9e832db1d9932
    contacts/fields/suffix: f9585c4e139695f4f418a28ddb843ed4
    contacts/fields/tags: 97813c8ae67d69575fd04e35a88aed0c
    contacts/fields/taxId: 3be38fb9a842dacd042525c3f4b1baee
    contacts/fields/type: f04471a7ddac844b9ad145eb9911ef75
    contacts/filterAll: 5e2e93f8e2a5f315b6fecdd0a0e6f55f
    contacts/filterOrganizations: bd50dd0b17bd74a72b728a8385b5ee28
    contacts/filterPersons: 6937f128f4f0d12bd09ebf19226286f3
    contacts/matters: f898530912102eca13389d49c63c05ae
    contacts/mattersAsClient: 5806a69d8613d3024b0ef90d04399e8d
    contacts/newContact: 893d4954500afbbd887ae79ad5db7d10
    contacts/noContactsDescription: ee73a8bcd8fd1b2a899905da2097ff46
    contacts/noContactsFound: b49a38fbd25dbc767ea52c7c125006a1
    contacts/noMattersAsClient: 98f26beb502964657aefbfb6806038c7
    contacts/phoneTypes/fax: 354f0ea553a06212ad15fb8e6c1fc88d
    contacts/phoneTypes/home: 104a3db3b671c04e167eafbe21e57881
    contacts/phoneTypes/mobile: 7d34c49cdc321c9359a418d3dac87619
    contacts/phoneTypes/office: 35a564251b9338d0321026289f79015b
    contacts/phoneTypes/other: 79acaa6cd481262bea4e743a422529d2
    contacts/search: c217c602ad642a484995db420d3bce00
    contacts/title: fc58b7c66ff46ebb5176d1b2af50cc0d
    contacts/type/organization: 3dc8489af7e74121f65ce6d9677bc94d
    contacts/type/person: b6e3064ca6b67285dc1ebb2590d6094f
    errors/actionFailed: e354f43bcdfd958a5efa478d9961ae31
    errors/failedToAcceptInvitation: 9834d5bc84da3415616ef7f6fde8c362
    errors/failedToAddParty: 20491750c3aab65561d44ef4345590d4
    errors/failedToCancelInvitation: 5a66fe2137c0b93a32979f12ad0269e6
    errors/failedToChangeViewType: edf49f7e931184370e520f03480c8977
    errors/failedToCheckSlugAvailability: ac8e6edc9efcd4f1224c84c3e24f4f2c
    errors/failedToCreateContact: 903af92288519cf84b66923954017d5c
    errors/failedToCreateEntity: 0beed136661872a8d5d4b6eb9bcdef14
    errors/failedToCreateOrganization: a433c8dd1c2a4c80784465bd2182faf8
    errors/failedToCreateProperty: 567ac5fc927a229b3b0538992688e3fe
    errors/failedToCreateView: 7f71b7f8c1b74e36ae3610ec4e20e512
    errors/failedToCreateWorkspace: 43892d9fa09de86f06073360456e14fa
    errors/failedToDeclineInvitation: d76298c8d7a6ac487de62c7c3be52b93
    errors/failedToDeleteContact: 17b463a1677bd2f448a204bcd8c6ff46
    errors/failedToDeleteEntities: c036098f048840094505a1b3d2a30be4
    errors/failedToDeleteProperty: 265b264189dcf9b65e1829f91906eacc
    errors/failedToDeleteView: a5f4a64be48b585e3fe905fa5d9ee458
    errors/failedToDeleteWorkspace: 991031ce0edf575476c165f62c578617
    errors/failedToDuplicateView: 17c34277e1208ba60ac2aa6743b4af35
    errors/failedToExportNoData: 42c3006c79ded1b404fa87b0379430e0
    errors/failedToFetchFile: c45c1db2c5115b0e6e4d856cea33e8c5
    errors/failedToInviteMember: bdc6e53688a9bdbe9c0dda9f84d9f5ec
    errors/failedToMoveItem: 86838b8d7dcd5fb9f23fc498a78231ce
    errors/failedToRemoveMember: fe401dcf7d5887fc4f91dd3aae64838d
    errors/failedToRemoveParty: 97f56e4cbebacba7e93fafb81ba2a311
    errors/failedToRenameView: f69af40d84c1041882fa9234718ed4f0
    errors/failedToRenameWorkspace: 13def3a31f4b0ea6e5be8be31acd597f
    errors/failedToReorderViews: b3b50423df9788df95d7a650ca2f0b8d
    errors/failedToResendInvitation: 65fbf5b4d563872a6eebc10a03480ef1
    errors/failedToSelectOrganization: 23c0ce5fc73fa2196a79fd1f9f7567dc
    errors/failedToSendInvitation: fbcdf6e7f51a1879f1cf93103a5f6c99
    errors/failedToSendVerificationCode: b5663b29afcca6455b002ab000ed70b2
    errors/failedToSetActiveOrganization: aee9704b90dbae4da7e42b929dcde7d9
    errors/failedToSetClient: 573a3e24c1f4f51b0ee5c707c782af9c
    errors/failedToSignOut: dcd337f88ca75f304e7ca78abedac974
    errors/failedToStartWorkflow: 4b9996e90fec8b618a74d1ed0af64ae8
    errors/failedToUpdateContact: b07197031bc56cac77b80650adfc48a0
    errors/failedToUpdateField: cbed174a03f4054785af18c66d343ee1
    errors/failedToUpdateMatterNumbering: ab9c8facd776baf4c26c9b5289431653
    errors/failedToUpdateOrganization: e54dc1efab9353dcf6bc4f8c5e9d1b06
    errors/failedToUpdateProperty: c019aeef81af0e069a3d4cc4265d538f
    errors/failedToUpdateRole: 0cabcf9231289570ece1db5ca8bcd689
    errors/failedToUpdateWorkspace: de2e0c707085938490479128ea868597
    errors/failedToUploadFiles: 5476bfae7abcb6dfdcae1ea40332ab83
    errors/failedToVerifyOtp: c5a0d5db5a667939f2afa62a1a915b66
    errors/partyAlreadyExists: d489886d3458725872d3ad018747adbb
    errors/slugAlreadyTaken: 1c53f69ae9dc7c8cc4a17219a1aca656
    errors/uploadFailed: 5b7b755f05330164dbfb00096c500ee3
    knowledge/sections/agents/description: 6e30f42346b678a15fe00d88355cde67
    knowledge/sections/agents/title: f902c551bd769a3ae2f65b44305b1976
    knowledge/sections/clauses/description: 7f74a1dad0ff0094563e834597688def
    knowledge/sections/clauses/title: 462579754cf0f9dab85e687c243a6ed5
    knowledge/sections/connectors/description: e750d6bdd299871771fa58da4fe71c6b
    knowledge/sections/connectors/title: 4d6f256254573013a8714c2afe98dcc2
    knowledge/sections/skills/description: 11fefdb4beed894f8984b4792264254c
    knowledge/sections/skills/title: cd71a8472065ec65b7d7863c1e201328
    knowledge/sections/templates/description: 54ba289f88d3aef807f03e6a3bac72d5
    knowledge/sections/templates/title: 8ed62f56c81fa96c0f3182acb331bf63
    navigation/agents: f902c551bd769a3ae2f65b44305b1976
    navigation/chat: 1171b63c16b3431dca319af1804de2a0
    navigation/clauses: 462579754cf0f9dab85e687c243a6ed5
    navigation/clients: fc58b7c66ff46ebb5176d1b2af50cc0d
    navigation/contacts: d5b6c3f890b3904eaf5754081945c03d
    navigation/expenses: 1746536359bb638c45a12980ab3aac3a
    navigation/inbox: 57e9db873911bf848c79e2ed546ecf45
    navigation/invitations: ab15f40b1ab9fd28b11024e6fb6d3622
    navigation/knowledge: 434d6cd2ab58b3fcfca0d49e0b354c8b
    navigation/members: 0932e80cba1e3e0a7f52bb67ff31da32
    navigation/newMatter: 656707a10b484a3a3fe8e38b0b817615
    navigation/organization: 3dc8489af7e74121f65ce6d9677bc94d
    navigation/pinned: 9bc428a489e05402739d2a01cfbfa7d6
    navigation/recents: cd0ca8a4b01cd2672f5b1a39a364499f
    navigation/search: 49dd6c21604b5e8d4153ff1aff2177e1
    navigation/searchEmptyState: 7566cd5b1d9f15b0efae0ec153dca5cf
    navigation/searchPlaceholder: 61c473615b7553462dc022cd37d7b568
    navigation/shortcutCategories/actions: c46571856723b03262fd33f511116298
    navigation/shortcutCategories/navigation: 0373afd8238db1c49f4be4fa6cdf5cd3
    navigation/sidebar: 85fcd93a6f051c26d057e4b30d392317
    navigation/sidebarDescription: 51aa5f202c817560f38d3527a9a1366d
    navigation/templates: 8ed62f56c81fa96c0f3182acb331bf63
    navigation/timeTracking: b903703c6323a1df9fd47fef933cf452
    navigation/toggleSidebar: 4885c19b36525953a6f047dae1d98d2d
    organization/invitations/cancelInvitation: 0d45f29a0417e8405834c4167b9924f7
    organization/invitations/emailAddressLabel: 3ba3f099b1b9be6c35ad797da660cb9f
    organization/invitations/emailAddressPlaceholder: b033bdc9cd5b4d00ce3688ef0783fb6f
    organization/invitations/expires: c7be2eba0aa8a35d1b057bde5229508d
    organization/invitations/inviteMember: ade922db1be6b26bc979565ce5de2bc7
    organization/invitations/inviteMemberDescription: 5566c43b6a458d0982c9b3d7073f134e
    organization/invitations/invited: f86eea76ae5f07605d84e85fe9f1f4c7
    organization/invitations/noInvitationsFound: 69fba20cee8763cf3b1a5b8096bb01f5
    organization/invitations/resendInvitation: e156bf18831bce104ad2c28f691c5635
    organization/invitations/sendInvitation: 784cd6a498fb10eb02d90de0936d1377
    organization/invitations/status: 4e1fcce15854d824919b4a582c697c90
    organization/invitations/statuses/accepted: ea2ed23f35f8b090b5a994ac64ec588a
    organization/invitations/statuses/canceled: 342a409089d71ce45725add1c62b0ade
    organization/invitations/statuses/pending: 030a6f3395d5d4efddd3cc67d6009039
    organization/invitations/statuses/rejected: 30202c9a9a2093021b0e9a1c61717fe9
    organization/matterNumber/description: d70e2342b189b6a15eced846a3438ef3
    organization/matterNumber/nextPreview: e93a92408d68c51419849cea9dd84b84
    organization/matterNumber/padding: e0bf7e3a0e67921f6df9032890662250
    organization/matterNumber/paddingDescription: 53d96776a76d17848129f80e676fc86f
    organization/matterNumber/pattern: 6ba542b08cb28ded70c7b812b6ad4b14
    organization/matterNumber/patternInvalidTokens: fe3954bf3e6bd55024e9bf6d781f043b
    organization/matterNumber/patternMustContainSeq: b63ac95a951f5ee81d8974db7d347366
    organization/matterNumber/patternRequired: b93d40335b54e01dfac9ab6dd69e6141
    organization/matterNumber/presets/custom: b7b89901f46267f532600a23cfc54ae2
    organization/matterNumber/presets/sequential: 1fb34b96705951d46488ec3e94fb9954
    organization/matterNumber/presets/yearMonthSequential: 640fba84b214398fbdc883b820ea599f
    organization/matterNumber/presets/yearSequential: 438583b323cf786799b2c3457b5723c0
    organization/matterNumber/title: 7d43358b0d7db386cc928efa31f458f6
    organization/matterNumber/tokenHelp: 201188149b51ff7707812ad14329116b
    organization/members/changeRole: 4e0f169c3b32d3fcc8038c7a4e0fd3f0
    organization/members/changeRoleDescription: f2e32846f8bddb2b60eb94a4e7e58efa
    organization/members/joined: 23f25c607ede93b0610497ccc3b001ae
    organization/members/noMembersFound: fbab5ad192434e49b9208870aab07fd6
    organization/members/removeMember: 1d77c2ca3768e486fd1fb5df30cb60d9
    organization/members/updateRole: 821c6a0de0b1c94804da5cd2bc871d5e
    organization/roles/admin: 90eb20f1400db82ab874744e47836dc6
    organization/roles/member: 1606dc30b369856b9dba1fe9aec425d2
    organization/roles/owner: 9c0b3aeca046c3ebd3bdc352edc83e88
    organization/settings: 11528aa89ae9935e55dcb54478058775
    organization/settingsDescription: c49871988cec7c6915257ca77d1a0b72
    organization/title: 3dc8489af7e74121f65ce6d9677bc94d
    success/clientUpdated: ebe84e980444cb92cb9159eff2adfec5
    success/contactCreated: 900fc2ca4e8ba5a5494a35f087684033
    success/contactDeleted: 46ff2bb2918975f350f8ea201af8c138
    success/contactUpdated: ebe84e980444cb92cb9159eff2adfec5
    success/documentCreated: fabda52f210bc770146e146cf5028e0f
    success/folderCreated: 1531aedfe6e671d5a29704745156d034
    success/invitationCanceled: c97cc579a461c04619e924c931bd2c62
    success/invitationResent: bf99d5be4451ac5ff9a37dae46a89e6f
    success/invitationSent: 08723e3f412c3cffc7c99b264d9cbde1
    success/matterNumberingUpdated: 1c294116d65d14fd7decf49e04483de9
    success/memberRemoved: c0f44b0f3e20c1bda1bc152a9cc4da84
    success/organizationUpdated: e38bc9f1b49553f765b82f9198eaa8be
    success/partyAdded: 4d8b3208e9d06054743313d138ced682
    success/partyRemoved: 454c1b75b749e6d457fc4b43dfc4f94d
    success/roleUpdated: 73606ae9c35101f1bb518961f68559d0
    success/workspaceDeletedSuccessfully: 000d369fe384b7d9acabfac6306baeb6
    templates/addItem: 716f1a770990e67242ff582d7c639870
    templates/backToList: 3df245007c9aa4e455ad32b174e335c7
    templates/browseFiles: a7324e0da439951e42f76b14bf3a48d0
    templates/configureFields: 20a4f3de7a8f1807b7bb2ecb30617a8a
    templates/confirmDelete: 2770436c5e831451e84eec4f96e1ecc5
    templates/deleteFailed: 9d2beffd919bffacdf03a90ffede807c
    templates/directiveEach: 9e95c220ed5e69b9411e0711053de957
    templates/directiveElse: a0c6a68c7fa6b84d1f26b5360ec4ab3d
    templates/directiveElseIf: 09f69a3eaed5ceaa5bd66360c7d7a66d
    templates/directiveEndEach: 322b9a7d10d8155f11f7fbe0eddfbb1f
    templates/directiveEndIf: 35877b75bb71ab9f58f977b4feed1f94
    templates/directiveIf: 8bed0ff08007e533e675aa18d619dd8c
    templates/discovering: e1f38bd8cc6c750114f0249ca490ac02
    templates/discoveryFailed: 57ec2a8e7decb7fee53ad86820de3cd4
    templates/downloadReady: 0ca6de702dd5cb0ad0b21527d262bf90
    templates/dragAndDrop: 6c7d6b05d39dcbfc710d35fcab25cb8c
    templates/editFields: 8969e035683d04b1bb4c13aff4a707bf
    templates/fieldCount: 8ce1fe4d7904ab6a40e387697cf19a79
    templates/fieldInputType: df4865b5d0a598a8d7f563dcec104df5
    templates/fieldLabel: a5c71bf158481233f8215dbd38cc196b
    templates/fieldLabelPlaceholder: c6c9b82638962e8039ad96e8a0bdc690
    templates/fieldOptions: 59156082418d80acb211f973b1218f11
    templates/fieldOptionsPlaceholder: 16ca72781dab5fabae7765464bb9ef8a
    templates/fieldUpdateFailed: d65f31f6ebf099baf4271845831275fb
    templates/fields: dc5e476f6beca227b505d21489e8d365
    templates/fieldsUpdated: 1c341e669db15ebbec0913b70f5506ad
    templates/fillFailed: 6a2f20d7d8529e3f04b63b8fccea07b3
    templates/fillForm: 4a15e225dbc14cb451ec26a9e6270878
    templates/generate: 038761ad1a11e65749fb0b6d6cd732bf
    templates/generating: d55ce9138ed4a7d033bd9030425bf850
    templates/inputTypes/boolean: e5929d2af93c29177e2bec2e01e9c8ec
    templates/inputTypes/date: 56f41c5d30a76295bb087b20b7bee4c3
    templates/inputTypes/number: 2789f8391f63e7200a5521078aab017d
    templates/inputTypes/select: b4069d14e572b53ca4156d25b0a970c1
    templates/inputTypes/text: 4ddccc1974775ed7357f9beaf9361cec
    templates/inputTypes/textarea: 4607b12b0057eaff03ff9ae5807f86d9
    templates/invalidFileType: afd5ae0a54a6b55aeb7c21441b2463ab
    templates/loadFailed: 0909dcfb0d3c44ec618a0e5bc0307b55
    templates/newTemplate: 10dca64383235d1596a010e559b2e35a
    templates/noTemplates: 3d4c7e66e581968feba1d622ecb7829a
    templates/preview: 3173ee1f0f1d4e50665ca4a84c38e15d
    templates/previewEmpty: a05a505c13928c458929c088dc13581c
    templates/previewFailed: d197fedfb7a10b37a40ce9921afb7398
    templates/previewSectionBody: e88eb1ea71f5ef886aa43ea6ba292d87
    templates/previewSectionFooter: 42e6d40460f979cecee52dabcff307f8
    templates/previewSectionHeader: a24a0d808d61b90d9feaeb238d656843
    templates/renameFailed: 4dfe590ca87688201eaaa23229828f46
    templates/saveFailed: 6d77f928b5a8d4d49cb0ffd7ffba6d5c
    templates/structureWarnings: 4fad40abff8244e2f730d10d6ad425b6
    templates/templateDeleted: 17b65ac26419f1036a70896c446f9200
    templates/templateName: 19cd20f6590fd78a33c214cb3c176f4b
    templates/templateNamePlaceholder: 4652ddec74a9100406441c312eb49151
    templates/templateRenamed: 21f7810d047f36631c5f8d7f7ad37495
    templates/templateSaved: bb2ef3167b2849756be1cb24d1c4d51d
    templates/testFill: 716a495839187c541af45ae2ccec07a4
    templates/uploadDescription: 0b981cff1d6b35a051fba345e5e01293
    templates/uploadDifferent: 842aacd2ec4425f93ad7533ec92de11a
    templates/uploadTitle: fe4ec5fa9f670230c50af0da76cc0db2
    templates/validationMaxLength: e08a03a74e5a53afa9ec30812a51cbce
    templates/validationMinLength: a7d0cf9a382721778ac083481eac3376
    templates/validationPattern: 9c595130e6dd1c02f5f70c876635b3f6
    templates/validationRequired: 41f31582f26b943b74e63ec06580a682
    validation/organizationNameRequired: 273c074cf6b26453fad2814f6b594042
    validation/slugFormat: a171800ab50449d6b3f3075eaa6a198c
    validation/slugRequired: 4e8aa0597a551cb9c1ca4724e272df23
    workspaces/answer: 491a0029083862bb3dcf0152fa532322
    workspaces/archiveMatter: fa813ab3074103e5daad07462af25789
    workspaces/createNewWorkspace: aa99d0ebbae998c4b5de8f507b10d697
    workspaces/defaultName: 84ba9ab3c295dbc18cbe788c4c2eccc8
    workspaces/deleteItem: b9b5755b0ed185436b52860bde313b9f
    workspaces/deleteSelectedRows: 6f1bcadd703ba5ebf64ac7f7f5f69694
    workspaces/deleteSelectedRowsDescription: 86195f9f2652a0ae39abf493de1777d1
    workspaces/deleteSelection: 6dfe781d6d1e5dc56ae01543b2c9a107
    workspaces/deleteWorkspace: cf2a7e8a87881c43e7f935ce6c83fd06
    workspaces/deleteWorkspaceConfirmDescription: 62107d74ab80d60cd3d3cab02e024176
    workspaces/deletingWorkspace: 47df8aaec342629639a40f768eb585d3
    workspaces/dropToUploadFiles: c80b5560f904619896a8b160f79e9dbb
    workspaces/duplicateWithContent: 1d66ce44d45038f08c726238e8eccb49
    workspaces/exportToCsv: 25bbc18d34a74e2b27a334ae07f7cbec
    workspaces/fields/calculating: b5e7c3c3e1d22b07da4f6413e32ae2fe
    workspaces/fields/currencyLabel: d951c2b0ace239577437aa1ab66b6350
    workspaces/fields/currencyPlaceholder: 5ffadf28abee4bdcb695ffee59087e1c
    workspaces/fields/editFieldValue: c6a9c170c10729b868ea06c8d518e69a
    workspaces/fields/errored: 67b74622055a5f302588c1ab41293950
    workspaces/fields/fieldValueLabel: 6b71a5e7b705b58111a6b55ea1043902
    workspaces/fields/fieldValuePlaceholder: 0f60e619c3d7f6acdbf8c9c3d48364c0
    workspaces/fields/formatNotSupported: 1900ff8f738e0d6801ad9706bf82bf4a
    workspaces/fields/numberLabel: 34b0eaa85808b15cbc4be94c64d0146b
    workspaces/fields/numberPlaceholder: 7ddaa5ad888a0cd4261de39ddfd8a0a4
    workspaces/fields/selectAValue: 91b18fe5342891becfcae4157d3ba101
    workspaces/fields/selectValues: 7ee1b4f419ea407ecdb7d7f44fa0905b
    workspaces/files/addFilePropertyToUpload: aa57aa5eae5d9a12a0b75e85dfdbd4f3
    workspaces/files/downloadAsZip: 598236c017cb7a7465a77023edd91834
    workspaces/files/maxEntitiesReached: c6b87236fa051a00ea357f9955fb9356
    workspaces/files/renamedToAvoidConflicts: 8fa1b210809c5799082af6f735c9f0b4
    workspaces/files/uploadedSuccessfully: da51bb78ace5858a53c3d35890d99889
    workspaces/files/uploading: a08f47b401ce739d1912bf1d17a24fa1
    workspaces/files/uploadingDescription: 0872eaef37ec63df20b5e56b7f8fa5fa
    workspaces/filesystem/author: 7f27e0a04693df3ce263cd7ef649665e
    workspaces/filesystem/collapseAll: ead3c4ad7d1bfa74f40b0b259a227b42
    workspaces/filesystem/expandAll: 5cb98519a7f93196e08e0b9a73e7c41f
    workspaces/filesystem/lastUpdated: e1c731316d903fa762f5c302fa907756
    workspaces/filesystem/noFilesYet: aa3ad867820d427173b9e3e79bf79ac6
    workspaces/filesystem/version: 501b826ddd956aae42ef8e3f6865e4a6
    workspaces/generatingCitations: cd2ab0bdaa30adbb5578da3c5c366dbf
    workspaces/justification: 0d6cb8340d11fa5f47980ab6422193a8
    workspaces/kanban/changeColor: fe061f6979f5405cc42ace762de070bf
    workspaces/kanban/deleteAll: 4f876efb622797dfd23e0b48c0487f5b
    workspaces/kanban/deleteAllConfirm: 8dbab361b854331734d586a8b674db74
    workspaces/kanban/hideColumn: 23ce94db148f2d8e4a0923defead6cf1
    workspaces/kanban/selectPropertyHint: d5ac2a2b81d6c39c0f3fbc235e61895e
    workspaces/kanban/unknown: 5cd12b882fe90320f93130c1b50e2e32
    workspaces/kanban/uploadDocument: 038e8b574f76426b6af590df8b127da9
    workspaces/kanban/usePropertyHint: f15f512e0578ba4daa4112d72eae9989
    workspaces/lockMatter: d9873ec7cd7bc56add3bbe5f43bb8bd4
    workspaces/matterInfo: 1472c6330f36bb41e567b8795f7e30ec
    workspaces/newDocument: b2ef1ab75d4f8cff510f16c2549f3b31
    workspaces/newFolder: 77d75787f135c7df93dc2e63473d320a
    workspaces/noFieldsToView: 9effe005c12a3a65e8426594ff81259f
    workspaces/operators/containsEvery: b0c556e9e4bad0a192f68982fa0eedd2
    workspaces/operators/equals: 73439e2839b8049e68079b1b6f2e3c41
    workspaces/parties/addParty: 61c3fbb11b1614275d6bd01ae0d45c44
    workspaces/parties/changeClient: 75d790ea1707575e991f390ae66cd438
    workspaces/parties/client: 59db31dfaf498183184421a0a1725711
    workspaces/parties/noClient: dc4fce5bfb4a114a390d4ec87d5d179a
    workspaces/parties/noParties: 3cb3e21ceda6628a46ec6791585a1606
    workspaces/parties/partyRoles/co_counsel: 0f75659664ea38490e82bc74bb26185d
    workspaces/parties/partyRoles/expert_witness: b003a3eedf05e11d343807de2d59cb2b
    workspaces/parties/partyRoles/judge: 54f05cc3c057b60f972bc0620a8b8c5a
    workspaces/parties/partyRoles/mediator: 2aae7a0a668c68b790cd37268684f41a
    workspaces/parties/partyRoles/opposing_counsel: b0bbf1f3cef36db6c95f8afd87abdfde
    workspaces/parties/partyRoles/opposing_party: 88b416471fd52e29867bb686a7ee615d
    workspaces/parties/partyRoles/other: 79acaa6cd481262bea4e743a422529d2
    workspaces/parties/partyRoles/third_party: 8f490b9861d54d9ad79174a6d9a31e88
    workspaces/parties/partyRoles/witness: 0b3e77e65322981633509d54664d4d11
    workspaces/parties/removeClient: 6ae100f8d72a5ed35c1aac2e0476f8f7
    workspaces/parties/removeParty: 49cea96336fda9ed849446713904c449
    workspaces/parties/removePartyConfirm: 58a25dfbaacfe4a7bd0bb126fd448a0f
    workspaces/parties/role: 53743bbb6ca938f5b893552e839d067f
    workspaces/parties/searchContacts: 0faf8b63482eae8d72142c4dc07ebe2d
    workspaces/parties/selectRole: 511782cfbf0e2709be707ef2d748a985
    workspaces/parties/setClient: 25e839751edaabc14f90fdc6c8ff7efd
    workspaces/pdf/adjustForDarkMode: 77ddebe70c6b5ce8c69bdfa05f039bd0
    workspaces/pdf/goBack: 050ad9e6589a60da7605d8cca4cf155f
    workspaces/pdf/incorrectPassword: b4f113ea60224bdd2afefcdf0734c91f
    workspaces/pdf/nextPage: 04c59fea9331f4d4d314c4d63aa039ca
    workspaces/pdf/openFullView: 22a6d846c1cde0f020c131a5f9c14e4b
    workspaces/pdf/passwordLabel: 47511215da83aeca844f21630712cf89
    workspaces/pdf/passwordRequired: 5b7eeaae35d4aff68a0e5b63c7e5291e
    workspaces/pdf/previousPage: c8784a20adfc86992142350ed429b1af
    workspaces/pdf/resetZoom: 22c3341a993c7fff03987ed1e90afff3
    workspaces/pdf/showOriginal: a54bd40f1dc9068dfc40d93b918ba293
    workspaces/pdf/toggleSidebar: 4885c19b36525953a6f047dae1d98d2d
    workspaces/pdf/unlock: 7641f077222283cbded112429a3e625d
    workspaces/pdf/zoomIn: 20244d74cc44e8606cbf4bb8b4e16e4b
    workspaces/pdf/zoomOut: b723e467be28d8659338502c470821fd
    workspaces/properties/addInputProperty: 38c77b9c835e5803897c66d522dd8c02
    workspaces/properties/addPromptForBetterResults: a5318e96ae0bf493762146e5ec59adfb
    workspaces/properties/conditionSeparator: 53e8eb67a396fcb5e419bb4cbf0008df
    workspaces/properties/conditions: 0689a073a193e0e72075b5dc252fa327
    workspaces/properties/createOption: adce65fe175a1c7e43478407478e2ad5
    workspaces/properties/date: 56f41c5d30a76295bb087b20b7bee4c3
    workspaces/properties/defaultNames/file: ea2b861d219f11c660c88a9dcc4c533d
    workspaces/properties/defaultNames/multiSelect: e3e3a6cf21884a7b24fa25e7124ddb7a
    workspaces/properties/defaultNames/singleSelect: aa9fc067aa287e1c1e6f73cc9fc23109
    workspaces/properties/defaultNames/text: 807dc00a731d7b2122717f04a596ec2b
    workspaces/properties/defaultPromptPrefix: f966e65f36fb1dbb4e7c19c83f29bc4e
    workspaces/properties/defaultPromptPropertyName: f45e2cf3a839e90aebcd9b3025a8e936
    workspaces/properties/deleteProperty: bd65949ce5ec69bc53d3159c21afef88
    workspaces/properties/deletePropertyConfirmDescription: 3533cd551924e18a69b9f26ffb80cd87
    workspaces/properties/editConditions: f182ddda11ee3ab44f4842ee36b30fdf
    workspaces/properties/editConditionsDescription: 7fe1ec126e77aa3118b9819b3f0cfab8
    workspaces/properties/enterAValue: 6faf7f1a38d9c160c3c9a3d84a370ead
    workspaces/properties/error: 3c95bcb32c2104b99a46f5b3dd015248
    workspaces/properties/file: 1255b55897f2be1443d3bb8c30cd9795
    workspaces/properties/ifNoMatchFound: 77803616ee47803fa25ed103801bab85
    workspaces/properties/int: 953ed085e7ddaa016d49362c20260a71
    workspaces/properties/keepEmpty: b53a2ac7592056c0f581a25977a93eeb
    workspaces/properties/multiSelect: 1b93efbd975c6266858392adf33e6558
    workspaces/properties/nameProperty: af894481e9b89d7d5c2f124d98679f47
    workspaces/properties/noPropertiesFound: da982aca30b28f57731287b8ce8165ee
    workspaces/properties/referencesItself: 3b6191f34064bfa813bcdb1aa8f161a7
    workspaces/properties/searchOrAddOptions: 09ef2b7aeb07e60caac926532e5517b2
    workspaces/properties/selectColor: 750cc55b9ef6db24629703f8e3126da9
    workspaces/properties/selectOperator: 64907328fe8af4865bb38df6fe5cf096
    workspaces/properties/setPromptPlaceholder: ca3cb814c83ca6fed212fb9e6b5af952
    workspaces/properties/singleSelect: 40d573e93a3059895cf3e9ee1e7012c6
    workspaces/properties/sortAscending: 20d1d888c5637c11e56f1d2935335528
    workspaces/properties/sortDescending: dcfd69debf90cb7754961e048d7b19af
    workspaces/properties/text: 4ddccc1974775ed7357f9beaf9361cec
    workspaces/properties/unsupported: 9de360b43a24b7bd1cbfc942bd3c61e5
    workspaces/reference: 5a6b220c6c6d85bcafb49cfaa6f15174
    workspaces/referencePlaceholder: d9f0746d296d2cd1b696632a65006b33
    workspaces/referenceTaken: 152614ac95d15ffa848a1a3e6ddfd983
    workspaces/saveAsPdf: f64d125bfcaf0d48c8307d85c1cbf308
    workspaces/sections/documents: c3882fc98216636873ab9091f3453f0c
    workspaces/sections/parties: 84e2209c900d25dbe39d610bbd4005ab
    workspaces/tools/aiModel: 7dabd9d9875a8f0895d449706a1a9993
    workspaces/tools/manualInput: f801b5870107106d9be81292d7caaac9
    workspaces/views/addFields: 05993d462df938a066e16d04151db6db
    workspaces/views/aiGenerated: 6343209f24fffc56be39b191c887a084
    workspaces/views/copySuffix: 123a9889f1d42eb84268399bbc83767b
    workspaces/views/deleteView: 13be957f1a42e6b1b8c3af3223e86f58
    workspaces/views/fields: f0b208fd28c52b6a39be092f16e5c5d8
    workspaces/views/fieldsSelected: b6560968198fa79ee2c92c8b9bedec58
    workspaces/views/groupBy: f7a8aaef601bb5ca5b70af83c5e151a6
    workspaces/views/layouts/gallery: 80044389a2860e45ebecafa500c1fbbd
    workspaces/views/layouts/kanban: 14609e506d2c735e9ab23fe9d605da16
    workspaces/views/layouts/list: 94f13e7ef909a4de9db7abaa1f9f0b61
    workspaces/views/layouts/table: 7042308f0e9f3fc180ae39cb1fb6cb64
    workspaces/views/newView: fd4db66e67de451f90fd0bb530f0d534
    workspaces/views/selectProperty: 188208ee2e89eb1172aa9acb09991ba0
    workspaces/workflow/allManualInputsDescription: 7e655f0718f673e9f879ca3ca54e00c2
    workspaces/workflow/allManualInputsTitle: 7001bfa6e56e7d9df68b0a4ae65f7519
    workspaces/workflow/generate: 0345bf322c191e70d01fd6607ec5c2f8
    workspaces/workflow/noFieldsToProcess: 5a65908a6444534305bdaf94dd26cbf5
    workspaces/workflow/someFieldsOutdatedDescription: 5354ae3287a237d60c7fffb906be440e
    workspaces/workflow/someFieldsOutdatedTitle: 4af11d2ad09918cd60baab55ec29f520
    workspaces/workflow/startedSuccessfully: 105ed87e7e840997b434a2fb568af5dd
    workspaces/workflow/starting: 490f82e434598f0b3dcf37ed4d4dcaa3
    workspaces/workflow/terminated: 6bfc7eb9fb66da4234bd10be53d1fd7f
    workspaces/workflow/terminatedDescription: f862874dddcae6353b335d04c1e2a638
  fe1ae3b1f2ec81466e619057317c5dfb:
    invitation/accept: 2b5c46af9868f48be185fdd26c7b52a0
    invitation/body: 2ca49b540c1fb5f19e8f8a5473377a64
    invitation/expires: 008687a5696bfd08594aa370346777aa
    invitation/heading: 1787731ca1792936cfa1a898e191c3a9
    invitation/ignore: d69065a1dcb9443fe7187f26d05744e4
    invitation/subject: c846e9fb0bd721ec5bd17774e70afdfb
    otp/emailVerification: 9c37f371bddb872e820d45ad28a5176b
    otp/expires: f933f4413626fc97f71ef167e2a3fc96
    otp/forgetPassword: 9854b0877fd0073927f34278c98eaf31
    otp/heading: 70639c11de42586489ccc1e8f9d7491f
    otp/ignore: 5407f88a8c870d392d53c0339944eecc
    otp/preview: 675ae05f944cb252c02b72dbb3855152
    otp/signIn: 13be7bd5bcb16427831ea3398bc2d5e4
    otp/subject: 64e4b208ccfc90356abd4f1fb5bb8940
